{
  "originHash" : "e873435309bec805d83424e2ff5f8c69f7147493ac2af2cfa14de5f8be03c069",
  "pins" : [
    {
      "identity" : "appauth-ios",
      "kind" : "remoteSourceControl",
      "location" : "https://github.com/openid/AppAuth-iOS.git",
      "state" : {
        "revision" : "8c0b028aedf617d6d780d448dc836f7048166d0f",
        "version" : "1.7.4"
      }
    },
    {
      "identity" : "fluidgradient",
      "kind" : "remoteSourceControl",
      "location" : "https://github.com/Cindori/FluidGradient",
      "state" : {
        "revision" : "9ddda4cf23671ef0228e88681ec6210cb3e0d7f7",
        "version" : "1.0.0"
      }
    },
    {
      "identity" : "googlesignin-ios",
      "kind" : "remoteSourceControl",
      "location" : "https://github.com/google/GoogleSignIn-iOS",
      "state" : {
        "revision" : "a7965d134c5d3567026c523e0a8a583f73b62b0d",
        "version" : "7.1.0"
      }
    },
    {
      "identity" : "gtm-session-fetcher",
      "kind" : "remoteSourceControl",
      "location" : "https://github.com/google/gtm-session-fetcher.git",
      "state" : {
        "revision" : "9534039303015a84837090d20fa21cae6e5eadb6",
        "version" : "3.3.2"
      }
    },
    {
      "identity" : "gtmappauth",
      "kind" : "remoteSourceControl",
      "location" : "https://github.com/google/GTMAppAuth.git",
      "state" : {
        "revision" : "5d7d66f647400952b1758b230e019b07c0b4b22a",
        "version" : "4.1.1"
      }
    },
    {
      "identity" : "ios-sdk",
      "kind" : "remoteSourceControl",
      "location" : "https://github.com/spotify/ios-sdk",
      "state" : {
        "branch" : "master",
        "revision" : "cdbdcb341ace5defa863cf323749376f7e4888e9"
      }
    },
    {
      "identity" : "musadorakit",
      "kind" : "remoteSourceControl",
      "location" : "https://github.com/rryam/MusadoraKit",
      "state" : {
        "branch" : "main",
        "revision" : "723129810d6cf4bd1e59ef9715e700db405fad81"
      }
    },
    {
      "identity" : "opencombine",
      "kind" : "remoteSourceControl",
      "location" : "https://github.com/OpenCombine/OpenCombine.git",
      "state" : {
        "revision" : "8576f0d579b27020beccbccc3ea6844f3ddfc2c2",
        "version" : "0.14.0"
      }
    },
    {
      "identity" : "regularexpressions",
      "kind" : "remoteSourceControl",
      "location" : "https://github.com/Peter-Schorn/RegularExpressions.git",
      "state" : {
        "revision" : "b27140d0bd3a9a1e61f2324f644219be98eb3311",
        "version" : "2.2.0"
      }
    },
    {
      "identity" : "sharedqprotocol",
      "kind" : "remoteSourceControl",
      "location" : "https://github.com/paytontech/sharedqprotocol",
      "state" : {
        "branch" : "main",
        "revision" : "24a1745a99be7332dfa091b3e7b7bff959f9775b"
      }
    },
    {
      "identity" : "sharedqsync",
      "kind" : "remoteSourceControl",
      "location" : "https://github.com/paytontech/SharedQSync",
      "state" : {
        "branch" : "main",
        "revision" : "168a1a0261f3d5b77aca3cfa7c9fbcca16f248ca"
      }
    },
    {
      "identity" : "spotifyapi",
      "kind" : "remoteSourceControl",
      "location" : "https://github.com/Peter-Schorn/SpotifyAPI",
      "state" : {
        "revision" : "74c3e42ebd983ecf3ceaef65786c72f971495003",
        "version" : "2.2.4"
      }
    },
    {
      "identity" : "swift-crypto",
      "kind" : "remoteSourceControl",
      "location" : "https://github.com/apple/swift-crypto.git",
      "state" : {
        "revision" : "ddb07e896a2a8af79512543b1c7eb9797f8898a5",
        "version" : "1.1.7"
      }
    },
    {
      "identity" : "swift-log",
      "kind" : "remoteSourceControl",
      "location" : "https://github.com/apple/swift-log.git",
      "state" : {
        "revision" : "e97a6fcb1ab07462881ac165fdbb37f067e205d5",
        "version" : "1.5.4"
      }
    },
    {
      "identity" : "swift-vibrant",
      "kind" : "remoteSourceControl",
      "location" : "https://github.com/evenlyio/swift-vibrant",
      "state" : {
        "branch" : "master",
        "revision" : "31c756e2cc80f1cb5e7f1f84a104c1dd9763dda8"
      }
    },
    {
      "identity" : "swiftui-shake-gesture",
      "kind" : "remoteSourceControl",
      "location" : "https://github.com/globulus/swiftui-shake-gesture",
      "state" : {
        "revision" : "cee0c7d741cda634c43ecb48224fd2b28914426a",
        "version" : "1.0.0"
      }
    },
    {
      "identity" : "uipilot",
      "kind" : "remoteSourceControl",
      "location" : "https://github.com/canopas/UIPilot.git",
      "state" : {
        "revision" : "33b8123dd1e68d861d0cfce27879d5ff1755fd21",
        "version" : "2.0.2"
      }
    }
  ],
  "version" : 3
}
